
Microsoft Visual Studio Solution File, Format Version 12.00
# Visual Studio Version 17
VisualStudioVersion = 17.0.31903.59
MinimumVisualStudioVersion = 10.0.40219.1
Project("{FAE04EC0-301F-11D3-BF4B-00C04F79EFBC}") = "TLA.Api", "TLA.Api\TLA.Api.csproj", "{CBCB8A29-5FFA-4AF2-BD9A-B9BCF6F1A510}"
EndProject
Project("{FAE04EC0-301F-11D3-BF4B-00C04F79EFBC}") = "TLA.Core", "TLA.Core\TLA.Core.csproj", "{9A336398-970D-454A-9D0D-C10F047964C2}"
EndProject
Project("{FAE04EC0-301F-11D3-BF4B-00C04F79EFBC}") = "TLA.Infrastructure", "TLA.Infrastructure\TLA.Infrastructure.csproj", "{8F67C58B-E385-4FCD-91F4-BC430BCAF349}"
EndProject
Global
	GlobalSection(SolutionConfigurationPlatforms) = preSolution
		Debug|Any CPU = Debug|Any CPU
		Debug|x64 = Debug|x64
		Debug|x86 = Debug|x86
		Release|Any CPU = Release|Any CPU
		Release|x64 = Release|x64
		Release|x86 = Release|x86
	EndGlobalSection
	GlobalSection(ProjectConfigurationPlatforms) = postSolution
		{CBCB8A29-5FFA-4AF2-BD9A-B9BCF6F1A510}.Debug|Any CPU.ActiveCfg = Debug|Any CPU
		{CBCB8A29-5FFA-4AF2-BD9A-B9BCF6F1A510}.Debug|Any CPU.Build.0 = Debug|Any CPU
		{CBCB8A29-5FFA-4AF2-BD9A-B9BCF6F1A510}.Debug|x64.ActiveCfg = Debug|Any CPU
		{CBCB8A29-5FFA-4AF2-BD9A-B9BCF6F1A510}.Debug|x64.Build.0 = Debug|Any CPU
		{CBCB8A29-5FFA-4AF2-BD9A-B9BCF6F1A510}.Debug|x86.ActiveCfg = Debug|Any CPU
		{CBCB8A29-5FFA-4AF2-BD9A-B9BCF6F1A510}.Debug|x86.Build.0 = Debug|Any CPU
		{CBCB8A29-5FFA-4AF2-BD9A-B9BCF6F1A510}.Release|Any CPU.ActiveCfg = Release|Any CPU
		{CBCB8A29-5FFA-4AF2-BD9A-B9BCF6F1A510}.Release|Any CPU.Build.0 = Release|Any CPU
		{CBCB8A29-5FFA-4AF2-BD9A-B9BCF6F1A510}.Release|x64.ActiveCfg = Release|Any CPU
		{CBCB8A29-5FFA-4AF2-BD9A-B9BCF6F1A510}.Release|x64.Build.0 = Release|Any CPU
		{CBCB8A29-5FFA-4AF2-BD9A-B9BCF6F1A510}.Release|x86.ActiveCfg = Release|Any CPU
		{CBCB8A29-5FFA-4AF2-BD9A-B9BCF6F1A510}.Release|x86.Build.0 = Release|Any CPU
		{9A336398-970D-454A-9D0D-C10F047964C2}.Debug|Any CPU.ActiveCfg = Debug|Any CPU
		{9A336398-970D-454A-9D0D-C10F047964C2}.Debug|Any CPU.Build.0 = Debug|Any CPU
		{9A336398-970D-454A-9D0D-C10F047964C2}.Debug|x64.ActiveCfg = Debug|Any CPU
		{9A336398-970D-454A-9D0D-C10F047964C2}.Debug|x64.Build.0 = Debug|Any CPU
		{9A336398-970D-454A-9D0D-C10F047964C2}.Debug|x86.ActiveCfg = Debug|Any CPU
		{9A336398-970D-454A-9D0D-C10F047964C2}.Debug|x86.Build.0 = Debug|Any CPU
		{9A336398-970D-454A-9D0D-C10F047964C2}.Release|Any CPU.ActiveCfg = Release|Any CPU
		{9A336398-970D-454A-9D0D-C10F047964C2}.Release|Any CPU.Build.0 = Release|Any CPU
		{9A336398-970D-454A-9D0D-C10F047964C2}.Release|x64.ActiveCfg = Release|Any CPU
		{9A336398-970D-454A-9D0D-C10F047964C2}.Release|x64.Build.0 = Release|Any CPU
		{9A336398-970D-454A-9D0D-C10F047964C2}.Release|x86.ActiveCfg = Release|Any CPU
		{9A336398-970D-454A-9D0D-C10F047964C2}.Release|x86.Build.0 = Release|Any CPU
		{8F67C58B-E385-4FCD-91F4-BC430BCAF349}.Debug|Any CPU.ActiveCfg = Debug|Any CPU
		{8F67C58B-E385-4FCD-91F4-BC430BCAF349}.Debug|Any CPU.Build.0 = Debug|Any CPU
		{8F67C58B-E385-4FCD-91F4-BC430BCAF349}.Debug|x64.ActiveCfg = Debug|Any CPU
		{8F67C58B-E385-4FCD-91F4-BC430BCAF349}.Debug|x64.Build.0 = Debug|Any CPU
		{8F67C58B-E385-4FCD-91F4-BC430BCAF349}.Debug|x86.ActiveCfg = Debug|Any CPU
		{8F67C58B-E385-4FCD-91F4-BC430BCAF349}.Debug|x86.Build.0 = Debug|Any CPU
		{8F67C58B-E385-4FCD-91F4-BC430BCAF349}.Release|Any CPU.ActiveCfg = Release|Any CPU
		{8F67C58B-E385-4FCD-91F4-BC430BCAF349}.Release|Any CPU.Build.0 = Release|Any CPU
		{8F67C58B-E385-4FCD-91F4-BC430BCAF349}.Release|x64.ActiveCfg = Release|Any CPU
		{8F67C58B-E385-4FCD-91F4-BC430BCAF349}.Release|x64.Build.0 = Release|Any CPU
		{8F67C58B-E385-4FCD-91F4-BC430BCAF349}.Release|x86.ActiveCfg = Release|Any CPU
		{8F67C58B-E385-4FCD-91F4-BC430BCAF349}.Release|x86.Build.0 = Release|Any CPU
	EndGlobalSection
	GlobalSection(SolutionProperties) = preSolution
		HideSolutionNode = FALSE
	EndGlobalSection
EndGlobal
